
Microsoft Visual Studio Solution File, Format Version 12.00
Project("{FAE04EC0-301F-11D3-BF4B-00C04F79EFBC}") = "BlazorTable", "BlazorTable\BlazorTable.csproj", "{2EE04058-0AC6-41FC-86C3-94DF27CCED9D}"
EndProject
Global
	GlobalSection(SolutionConfigurationPlatforms) = preSolution
		Debug|Any CPU = Debug|Any CPU
		Release|Any CPU = Release|Any CPU
	EndGlobalSection
	GlobalSection(ProjectConfigurationPlatforms) = postSolution
		{2EE04058-0AC6-41FC-86C3-94DF27CCED9D}.Debug|Any CPU.ActiveCfg = Debug|Any CPU
		{2EE04058-0AC6-41FC-86C3-94DF27CCED9D}.Debug|Any CPU.Build.0 = Debug|Any CPU
		{2EE04058-0AC6-41FC-86C3-94DF27CCED9D}.Release|Any CPU.ActiveCfg = Release|Any CPU
		{2EE04058-0AC6-41FC-86C3-94DF27CCED9D}.Release|Any CPU.Build.0 = Release|Any CPU
	EndGlobalSection
EndGlobal
